
Microsoft Visual Studio Solution File, Format Version 12.00
# Visual Studio Version 17
VisualStudioVersion = 17.2.32616.157
MinimumVisualStudioVersion = 10.0.40219.1
Project("{FAE04EC0-301F-11D3-BF4B-00C04F79EFBC}") = "RockPaperScissorsApp", "RockPaperScissorsApp\RockPaperScissorsApp.csproj", "{10FD8255-D812-464D-BDBB-80540C615D34}"
EndProject
Global
	GlobalSection(SolutionConfigurationPlatforms) = preSolution
		Debug|Any CPU = Debug|Any CPU
		Release|Any CPU = Release|Any CPU
	EndGlobalSection
	GlobalSection(ProjectConfigurationPlatforms) = postSolution
		{10FD8255-D812-464D-BDBB-80540C615D34}.Debug|Any CPU.ActiveCfg = Debug|Any CPU
		{10FD8255-D812-464D-BDBB-80540C615D34}.Debug|Any CPU.Build.0 = Debug|Any CPU
		{10FD8255-D812-464D-BDBB-80540C615D34}.Release|Any CPU.ActiveCfg = Release|Any CPU
		{10FD8255-D812-464D-BDBB-80540C615D34}.Release|Any CPU.Build.0 = Release|Any CPU
	EndGlobalSection
	GlobalSection(SolutionProperties) = preSolution
		HideSolutionNode = FALSE
	EndGlobalSection
	GlobalSection(ExtensibilityGlobals) = postSolution
		SolutionGuid = {E2D42CC2-1D52-4D51-9436-3AB8263ECABE}
	EndGlobalSection
EndGlobal
